lockfileVersion: '6.0'

settings:
  autoInstallPeers: true
  excludeLinksFromLockfile: false

dependencies:
  '@vlandivir/test-structure-external':
    specifier: ^1.0.0
    version: 1.0.0

packages:

  /@vlandivir/test-structure-external@1.0.0:
    resolution: {integrity: sha512-1Wa3Q/Q8GSI2NW8gGfxAU2rL/4jmBjzhpK41AHZphvp5pnFswcaetOskHRTZpX/u2Z2OljJ1WuVkZJf/GnP2fg==, tarball: https://npm.pkg.github.com/download/@vlandivir/test-structure-external/1.0.0/3330fceb969730bb25227b5ce95916b67e2b0ba0}
    dev: false
